
Microsoft Visual Studio Solution File, Format Version 12.00
# Visual Studio Version 16
VisualStudioVersion = 16.0.29411.108
MinimumVisualStudioVersion = 10.0.40219.1
Project("{FAE04EC0-301F-11D3-BF4B-00C04F79EFBC}") = "MyWebApi", "MyWebApi\MyWebApi.csproj", "{6F8483D8-8A14-4788-8618-5FEFC93FD4C7}"
EndProject
Project("{FAE04EC0-301F-11D3-BF4B-00C04F79EFBC}") = "WebApiHelper", "WebApiHelper\WebApiHelper.csproj", "{FAC73C4F-5B15-46D4-8DA3-4844B7858336}"
EndProject
Global
	GlobalSection(SolutionConfigurationPlatforms) = preSolution
		Debug|Any CPU = Debug|Any CPU
		Release|Any CPU = Release|Any CPU
	EndGlobalSection
	GlobalSection(ProjectConfigurationPlatforms) = postSolution
		{6F8483D8-8A14-4788-8618-5FEFC93FD4C7}.Debug|Any CPU.ActiveCfg = Debug|Any CPU
		{6F8483D8-8A14-4788-8618-5FEFC93FD4C7}.Debug|Any CPU.Build.0 = Debug|Any CPU
		{6F8483D8-8A14-4788-8618-5FEFC93FD4C7}.Release|Any CPU.ActiveCfg = Release|Any CPU
		{6F8483D8-8A14-4788-8618-5FEFC93FD4C7}.Release|Any CPU.Build.0 = Release|Any CPU
		{FAC73C4F-5B15-46D4-8DA3-4844B7858336}.Debug|Any CPU.ActiveCfg = Debug|Any CPU
		{FAC73C4F-5B15-46D4-8DA3-4844B7858336}.Debug|Any CPU.Build.0 = Debug|Any CPU
		{FAC73C4F-5B15-46D4-8DA3-4844B7858336}.Release|Any CPU.ActiveCfg = Release|Any CPU
		{FAC73C4F-5B15-46D4-8DA3-4844B7858336}.Release|Any CPU.Build.0 = Release|Any CPU
	EndGlobalSection
	GlobalSection(SolutionProperties) = preSolution
		HideSolutionNode = FALSE
	EndGlobalSection
	GlobalSection(ExtensibilityGlobals) = postSolution
		SolutionGuid = {5377858F-9DFA-4819-B3C1-7C980ECEE35B}
	EndGlobalSection
EndGlobal
